
Microsoft Visual Studio Solution File, Format Version 12.00
# Visual Studio Version 16
VisualStudioVersion = 16.0.31105.61
MinimumVisualStudioVersion = 10.0.40219.1
Project("{8BC9CEB8-8B4A-11D0-8D11-00A0C91BC942}") = "Ricerca carattere in stringa", "Ricerca carattere in stringa\Ricerca carattere in stringa.vcxproj", "{411DAE09-B501-4BCA-A8AC-C5271AE15FFE}"
EndProject
Global
	GlobalSection(SolutionConfigurationPlatforms) = preSolution
		Debug|x64 = Debug|x64
		Debug|x86 = Debug|x86
		Release|x64 = Release|x64
		Release|x86 = Release|x86
	EndGlobalSection
	GlobalSection(ProjectConfigurationPlatforms) = postSolution
		{411DAE09-B501-4BCA-A8AC-C5271AE15FFE}.Debug|x64.ActiveCfg = Debug|x64
		{411DAE09-B501-4BCA-A8AC-C5271AE15FFE}.Debug|x64.Build.0 = Debug|x64
		{411DAE09-B501-4BCA-A8AC-C5271AE15FFE}.Debug|x86.ActiveCfg = Debug|Win32
		{411DAE09-B501-4BCA-A8AC-C5271AE15FFE}.Debug|x86.Build.0 = Debug|Win32
		{411DAE09-B501-4BCA-A8AC-C5271AE15FFE}.Release|x64.ActiveCfg = Release|x64
		{411DAE09-B501-4BCA-A8AC-C5271AE15FFE}.Release|x64.Build.0 = Release|x64
		{411DAE09-B501-4BCA-A8AC-C5271AE15FFE}.Release|x86.ActiveCfg = Release|Win32
		{411DAE09-B501-4BCA-A8AC-C5271AE15FFE}.Release|x86.Build.0 = Release|Win32
	EndGlobalSection
	GlobalSection(SolutionProperties) = preSolution
		HideSolutionNode = FALSE
	EndGlobalSection
	GlobalSection(ExtensibilityGlobals) = postSolution
		SolutionGuid = {F0246AF7-F25F-4EC3-AF7E-8F323DCA8ECE}
	EndGlobalSection
EndGlobal
