
Microsoft Visual Studio Solution File, Format Version 12.00
# Visual Studio Version 16
VisualStudioVersion = 16.0.31205.134
MinimumVisualStudioVersion = 10.0.40219.1
Project("{8BC9CEB8-8B4A-11D0-8D11-00A0C91BC942}") = "ordinamento ingenuo ASM", "ordinamento ingenuo ASM\ordinamento ingenuo ASM.vcxproj", "{E0B932DE-97E7-46CB-8E75-03056DB820CF}"
EndProject
Global
	GlobalSection(SolutionConfigurationPlatforms) = preSolution
		Debug|x64 = Debug|x64
		Debug|x86 = Debug|x86
		Release|x64 = Release|x64
		Release|x86 = Release|x86
	EndGlobalSection
	GlobalSection(ProjectConfigurationPlatforms) = postSolution
		{E0B932DE-97E7-46CB-8E75-03056DB820CF}.Debug|x64.ActiveCfg = Debug|x64
		{E0B932DE-97E7-46CB-8E75-03056DB820CF}.Debug|x64.Build.0 = Debug|x64
		{E0B932DE-97E7-46CB-8E75-03056DB820CF}.Debug|x86.ActiveCfg = Debug|Win32
		{E0B932DE-97E7-46CB-8E75-03056DB820CF}.Debug|x86.Build.0 = Debug|Win32
		{E0B932DE-97E7-46CB-8E75-03056DB820CF}.Release|x64.ActiveCfg = Release|x64
		{E0B932DE-97E7-46CB-8E75-03056DB820CF}.Release|x64.Build.0 = Release|x64
		{E0B932DE-97E7-46CB-8E75-03056DB820CF}.Release|x86.ActiveCfg = Release|Win32
		{E0B932DE-97E7-46CB-8E75-03056DB820CF}.Release|x86.Build.0 = Release|Win32
	EndGlobalSection
	GlobalSection(SolutionProperties) = preSolution
		HideSolutionNode = FALSE
	EndGlobalSection
	GlobalSection(ExtensibilityGlobals) = postSolution
		SolutionGuid = {D677464D-B37C-4525-A606-7C1FBA3F23A0}
	EndGlobalSection
EndGlobal
